// !$*UTF8*$!
{
	archiveVersion = 1;
	classes = {
	};
	objectVersion = 46;
	objects = {

/* Begin PBXBuildFile section */
		DCDF7A791AD894DA00AC9C71 /* AppDelegate.swift in Sources */ = {isa = PBXBuildFile; fileRef = DCDF7A781AD894DA00AC9C71 /* AppDelegate.swift */; };
		DCDF7A7B1AD894DA00AC9C71 /* ViewController.swift in Sources */ = {isa = PBXBuildFile; fileRef = DCDF7A7A1AD894DA00AC9C71 /* ViewController.swift */; };
		DCDF7A7E1AD894DA00AC9C71 /* Main.storyboard in Resources */ = {isa = PBXBuildFile; fileRef = DCDF7A7C1AD894DA00AC9C71 /* Main.storyboard */; };
		DCDF7A801AD894DA00AC9C71 /* Images.xcassets in Resources */ = {isa = PBXBuildFile; fileRef = DCDF7A7F1AD894DA00AC9C71 /* Images.xcassets */; };
		DCDF7A831AD894DA00AC9C71 /* LaunchScreen.xib in Resources */ = {isa = PBXBuildFile; fileRef = DCDF7A811AD894DA00AC9C71 /* LaunchScreen.xib */; };
		DCDF7A8F1AD894DA00AC9C71 /* ticTacToeTests.swift in Sources */ = {isa = PBXBuildFile; fileRef = DCDF7A8E1AD894DA00AC9C71 /* ticTacToeTests.swift */; };
		DCDF7A991AD895A300AC9C71 /* tic-tac-toe.gif in Resources */ = {isa = PBXBuildFile; fileRef = DCDF7A981AD895A300AC9C71 /* tic-tac-toe.gif */; };
		DCDF7A9B1AD898F300AC9C71 /* nought.png in Resources */ = {isa = PBXBuildFile; fileRef = DCDF7A9A1AD898F300AC9C71 /* nought.png */; };
		DCDF7A9D1AD8E01B00AC9C71 /* X.png in Resources */ = {isa = PBXBuildFile; fileRef = DCDF7A9C1AD8E01B00AC9C71 /* X.png */; };
/* End PBXBuildFile section */

/* Begin PBXContainerItemProxy section */
		DCDF7A891AD894DA00AC9C71 /* PBXContainerItemProxy */ = {
			isa = PBXContainerItemProxy;
			containerPortal = DCDF7A6B1AD894DA00AC9C71 /* Project object */;
			proxyType = 1;
			remoteGlobalIDString = DCDF7A721AD894DA00AC9C71;
			remoteInfo = ticTacToe;
		};
/* End PBXContainerItemProxy section */

/* Begin PBXFileReference section */
		DCDF7A731AD894DA00AC9C71 /* ticTacToe.app */ = {isa = PBXFileReference; explicitFileType = wrapper.application; includeInIndex = 0; path = ticTacToe.app; sourceTree = BUILT_PRODUCTS_DIR; };
		DCDF7A771AD894DA00AC9C71 /* Info.plist */ = {isa = PBXFileReference; lastKnownFileType = text.plist.xml; path = Info.plist; sourceTree = "<group>"; };
		DCDF7A781AD894DA00AC9C71 /* AppDelegate.swift */ = {isa = PBXFileReference; lastKnownFileType = sourcecode.swift; path = AppDelegate.swift; sourceTree = "<group>"; };
		DCDF7A7A1AD894DA00AC9C71 /* ViewController.swift */ = {isa = PBXFileReference; lastKnownFileType = sourcecode.swift; path = ViewController.swift; sourceTree = "<group>"; };
		DCDF7A7D1AD894DA00AC9C71 /* Base */ = {isa = PBXFileReference; lastKnownFileType = file.storyboard; name = Base; path = Base.lproj/Main.storyboard; sourceTree = "<group>"; };
		DCDF7A7F1AD894DA00AC9C71 /* Images.xcassets */ = {isa = PBXFileReference; lastKnownFileType = folder.assetcatalog; path = Images.xcassets; sourceTree = "<group>"; };
		DCDF7A821AD894DA00AC9C71 /* Base */ = {isa = PBXFileReference; lastKnownFileType = file.xib; name = Base; path = Base.lproj/LaunchScreen.xib; sourceTree = "<group>"; };
		DCDF7A881AD894DA00AC9C71 /* ticTacToeTests.xctest */ = {isa = PBXFileReference; explicitFileType = wrapper.cfbundle; includeInIndex = 0; path = ticTacToeTests.xctest; sourceTree = BUILT_PRODUCTS_DIR; };
		DCDF7A8D1AD894DA00AC9C71 /* Info.plist */ = {isa = PBXFileReference; lastKnownFileType = text.plist.xml; path = Info.plist; sourceTree = "<group>"; };
		DCDF7A8E1AD894DA00AC9C71 /* ticTacToeTests.swift */ = {isa = PBXFileReference; lastKnownFileType = sourcecode.swift; path = ticTacToeTests.swift; sourceTree = "<group>"; };
		DCDF7A981AD895A300AC9C71 /* tic-tac-toe.gif */ = {isa = PBXFileReference; lastKnownFileType = image.gif; name = "tic-tac-toe.gif"; path = "../tic-tac-toe.gif"; sourceTree = "<group>"; };
		DCDF7A9A1AD898F300AC9C71 /* nought.png */ = {isa = PBXFileReference; lastKnownFileType = image.png; path = nought.png; sourceTree = "<group>"; };
		DCDF7A9C1AD8E01B00AC9C71 /* X.png */ = {isa = PBXFileReference; lastKnownFileType = image.png; path = X.png; sourceTree = "<group>"; };
/* End PBXFileReference section */

/* Begin PBXFrameworksBuildPhase section */
		DCDF7A701AD894DA00AC9C71 /* Frameworks */ = {
			isa = PBXFrameworksBuildPhase;
			buildActionMask = 2147483647;
			files = (
			);
			runOnlyForDeploymentPostprocessing = 0;
		};
		DCDF7A851AD894DA00AC9C71 /* Frameworks */ = {
			isa = PBXFrameworksBuildPhase;
			buildActionMask = 2147483647;
			files = (
			);
			runOnlyForDeploymentPostprocessing = 0;
		};
/* End PBXFrameworksBuildPhase section */

/* Begin PBXGroup section */
		DCDF7A6A1AD894DA00AC9C71 = {
			isa = PBXGroup;
			children = (
				DCDF7A751AD894DA00AC9C71 /* ticTacToe */,
				DCDF7A8B1AD894DA00AC9C71 /* ticTacToeTests */,
				DCDF7A741AD894DA00AC9C71 /* Products */,
			);
			sourceTree = "<group>";
		};
		DCDF7A741AD894DA00AC9C71 /* Products */ = {
			isa = PBXGroup;
			children = (
				DCDF7A731AD894DA00AC9C71 /* ticTacToe.app */,
				DCDF7A881AD894DA00AC9C71 /* ticTacToeTests.xctest */,
			);
			name = Products;
			sourceTree = "<group>";
		};
		DCDF7A751AD894DA00AC9C71 /* ticTacToe */ = {
			isa = PBXGroup;
			children = (
				DCDF7A9C1AD8E01B00AC9C71 /* X.png */,
				DCDF7A9A1AD898F300AC9C71 /* nought.png */,
				DCDF7A981AD895A300AC9C71 /* tic-tac-toe.gif */,
				DCDF7A781AD894DA00AC9C71 /* AppDelegate.swift */,
				DCDF7A7A1AD894DA00AC9C71 /* ViewController.swift */,
				DCDF7A7C1AD894DA00AC9C71 /* Main.storyboard */,
				DCDF7A7F1AD894DA00AC9C71 /* Images.xcassets */,
				DCDF7A811AD894DA00AC9C71 /* LaunchScreen.xib */,
				DCDF7A761AD894DA00AC9C71 /* Supporting Files */,
			);
			path = ticTacToe;
			sourceTree = "<group>";
		};
		DCDF7A761AD894DA00AC9C71 /* Supporting Files */ = {
			isa = PBXGroup;
			children = (
				DCDF7A771AD894DA00AC9C71 /* Info.plist */,
			);
			name = "Supporting Files";
			sourceTree = "<group>";
		};
		DCDF7A8B1AD894DA00AC9C71 /* ticTacToeTests */ = {
			isa = PBXGroup;
			children = (
				DCDF7A8E1AD894DA00AC9C71 /* ticTacToeTests.swift */,
				DCDF7A8C1AD894DA00AC9C71 /* Supporting Files */,
			);
			path = ticTacToeTests;
			sourceTree = "<group>";
		};
		DCDF7A8C1AD894DA00AC9C71 /* Supporting Files */ = {
			isa = PBXGroup;
			children = (
				DCDF7A8D1AD894DA00AC9C71 /* Info.plist */,
			);
			name = "Supporting Files";
			sourceTree = "<group>";
		};
/* End PBXGroup section */

/* Begin PBXNativeTarget section */
		DCDF7A721AD894DA00AC9C71 /* ticTacToe */ = {
			isa = PBXNativeTarget;
			buildConfigurationList = DCDF7A921AD894DA00AC9C71 /* Build configuration list for PBXNativeTarget "ticTacToe" */;
			buildPhases = (
				DCDF7A6F1AD894DA00AC9C71 /* Sources */,
				DCDF7A701AD894DA00AC9C71 /* Frameworks */,
				DCDF7A711AD894DA00AC9C71 /* Resources */,
			);
			buildRules = (
			);
			dependencies = (
			);
			name = ticTacToe;
			productName = ticTacToe;
			productReference = DCDF7A731AD894DA00AC9C71 /* ticTacToe.app */;
			productType = "com.apple.product-type.application";
		};
		DCDF7A871AD894DA00AC9C71 /* ticTacToeTests */ = {
			isa = PBXNativeTarget;
			buildConfigurationList = DCDF7A951AD894DA00AC9C71 /* Build configuration list for PBXNativeTarget "ticTacToeTests" */;
			buildPhases = (
				DCDF7A841AD894DA00AC9C71 /* Sources */,
				DCDF7A851AD894DA00AC9C71 /* Frameworks */,
				DCDF7A861AD894DA00AC9C71 /* Resources */,
			);
			buildRules = (
			);
			dependencies = (
				DCDF7A8A1AD894DA00AC9C71 /* PBXTargetDependency */,
			);
			name = ticTacToeTests;
			productName = ticTacToeTests;
			productReference = DCDF7A881AD894DA00AC9C71 /* ticTacToeTests.xctest */;
			productType = "com.apple.product-type.bundle.unit-test";
		};
/* End PBXNativeTarget section */

/* Begin PBXProject section */
		DCDF7A6B1AD894DA00AC9C71 /* Project object */ = {
			isa = PBXProject;
			attributes = {
				LastUpgradeCheck = 0630;
				ORGANIZATIONNAME = "west coast dev";
				TargetAttributes = {
					DCDF7A721AD894DA00AC9C71 = {
						CreatedOnToolsVersion = 6.3;
					};
					DCDF7A871AD894DA00AC9C71 = {
						CreatedOnToolsVersion = 6.3;
						TestTargetID = DCDF7A721AD894DA00AC9C71;
					};
				};
			};
			buildConfigurationList = DCDF7A6E1AD894DA00AC9C71 /* Build configuration list for PBXProject "ticTacToe" */;
			compatibilityVersion = "Xcode 3.2";
			developmentRegion = English;
			hasScannedForEncodings = 0;
			knownRegions = (
				en,
				Base,
			);
			mainGroup = DCDF7A6A1AD894DA00AC9C71;
			productRefGroup = DCDF7A741AD894DA00AC9C71 /* Products */;
			projectDirPath = "";
			projectRoot = "";
			targets = (
				DCDF7A721AD894DA00AC9C71 /* ticTacToe */,
				DCDF7A871AD894DA00AC9C71 /* ticTacToeTests */,
			);
		};
/* End PBXProject section */

/* Begin PBXResourcesBuildPhase section */
		DCDF7A711AD894DA00AC9C71 /* Resources */ = {
			isa = PBXResourcesBuildPhase;
			buildActionMask = 2147483647;
			files = (
				DCDF7A9D1AD8E01B00AC9C71 /* X.png in Resources */,
				DCDF7A7E1AD894DA00AC9C71 /* Main.storyboard in Resources */,
				DCDF7A9B1AD898F300AC9C71 /* nought.png in Resources */,
				DCDF7A991AD895A300AC9C71 /* tic-tac-toe.gif in Resources */,
				DCDF7A831AD894DA00AC9C71 /* LaunchScreen.xib in Resources */,
				DCDF7A801AD894DA00AC9C71 /* Images.xcassets in Resources */,
			);
			runOnlyForDeploymentPostprocessing = 0;
		};
		DCDF7A861AD894DA00AC9C71 /* Resources */ = {
			isa = PBXResourcesBuildPhase;
			buildActionMask = 2147483647;
			files = (
			);
			runOnlyForDeploymentPostprocessing = 0;
		};
/* End PBXResourcesBuildPhase section */

/* Begin PBXSourcesBuildPhase section */
		DCDF7A6F1AD894DA00AC9C71 /* Sources */ = {
			isa = PBXSourcesBuildPhase;
			buildActionMask = 2147483647;
			files = (
				DCDF7A7B1AD894DA00AC9C71 /* ViewController.swift in Sources */,
				DCDF7A791AD894DA00AC9C71 /* AppDelegate.swift in Sources */,
			);
			runOnlyForDeploymentPostprocessing = 0;
		};
		DCDF7A841AD894DA00AC9C71 /* Sources */ = {
			isa = PBXSourcesBuildPhase;
			buildActionMask = 2147483647;
			files = (
				DCDF7A8F1AD894DA00AC9C71 /* ticTacToeTests.swift in Sources */,
			);
			runOnlyForDeploymentPostprocessing = 0;
		};
/* End PBXSourcesBuildPhase section */

/* Begin PBXTargetDependency section */
		DCDF7A8A1AD894DA00AC9C71 /* PBXTargetDependency */ = {
			isa = PBXTargetDependency;
			target = DCDF7A721AD894DA00AC9C71 /* ticTacToe */;
			targetProxy = DCDF7A891AD894DA00AC9C71 /* PBXContainerItemProxy */;
		};
/* End PBXTargetDependency section */

/* Begin PBXVariantGroup section */
		DCDF7A7C1AD894DA00AC9C71 /* Main.storyboard */ = {
			isa = PBXVariantGroup;
			children = (
				DCDF7A7D1AD894DA00AC9C71 /* Base */,
			);
			name = Main.storyboard;
			sourceTree = "<group>";
		};
		DCDF7A811AD894DA00AC9C71 /* LaunchScreen.xib */ = {
			isa = PBXVariantGroup;
			children = (
				DCDF7A821AD894DA00AC9C71 /* Base */,
			);
			name = LaunchScreen.xib;
			sourceTree = "<group>";
		};
/* End PBXVariantGroup section */

/* Begin XCBuildConfiguration section */
		DCDF7A901AD894DA00AC9C71 /* Debug */ = {
			isa = XCBuildConfiguration;
			buildSettings = {
				ALWAYS_SEARCH_USER_PATHS = NO;
				CLANG_CXX_LANGUAGE_STANDARD = "gnu++0x";
				CLANG_CXX_LIBRARY = "libc++";
				CLANG_ENABLE_MODULES = YES;
				CLANG_ENABLE_OBJC_ARC = YES;
				CLANG_WARN_BOOL_CONVERSION = YES;
				CLANG_WARN_CONSTANT_CONVERSION = YES;
				CLANG_WARN_DIRECT_OBJC_ISA_USAGE = YES_ERROR;
				CLANG_WARN_EMPTY_BODY = YES;
				CLANG_WARN_ENUM_CONVERSION = YES;
				CLANG_WARN_INT_CONVERSION = YES;
				CLANG_WARN_OBJC_ROOT_CLASS = YES_ERROR;
				CLANG_WARN_UNREACHABLE_CODE = YES;
				CLANG_WARN__DUPLICATE_METHOD_MATCH = YES;
				"CODE_SIGN_IDENTITY[sdk=iphoneos*]" = "iPhone Developer";
				COPY_PHASE_STRIP = NO;
				DEBUG_INFORMATION_FORMAT = "dwarf-with-dsym";
				ENABLE_STRICT_OBJC_MSGSEND = YES;
				GCC_C_LANGUAGE_STANDARD = gnu99;
				GCC_DYNAMIC_NO_PIC = NO;
				GCC_NO_COMMON_BLOCKS = YES;
				GCC_OPTIMIZATION_LEVEL = 0;
				GCC_PREPROCESSOR_DEFINITIONS = (
					"DEBUG=1",
					"$(inherited)",
				);
				GCC_SYMBOLS_PRIVATE_EXTERN = NO;
				GCC_WARN_64_TO_32_BIT_CONVERSION = YES;
				GCC_WARN_ABOUT_RETURN_TYPE = YES_ERROR;
				GCC_WARN_UNDECLARED_SELECTOR = YES;
				GCC_WARN_UNINITIALIZED_AUTOS = YES_AGGRESSIVE;
				GCC_WARN_UNUSED_FUNCTION = YES;
				GCC_WARN_UNUSED_VARIABLE = YES;
				IPHONEOS_DEPLOYMENT_TARGET = 8.3;
				MTL_ENABLE_DEBUG_INFO = YES;
				ONLY_ACTIVE_ARCH = YES;
				SDKROOT = iphoneos;
				SWIFT_OPTIMIZATION_LEVEL = "-Onone";
			};
			name = Debug;
		};
		DCDF7A911AD894DA00AC9C71 /* Release */ = {
			isa = XCBuildConfiguration;
			buildSettings = {
				ALWAYS_SEARCH_USER_PATHS = NO;
				CLANG_CXX_LANGUAGE_STANDARD = "gnu++0x";
				CLANG_CXX_LIBRARY = "libc++";
				CLANG_ENABLE_MODULES = YES;
				CLANG_ENABLE_OBJC_ARC = YES;
				CLANG_WARN_BOOL_CONVERSION = YES;
				CLANG_WARN_CONSTANT_CONVERSION = YES;
				CLANG_WARN_DIRECT_OBJC_ISA_USAGE = YES_ERROR;
				CLANG_WARN_EMPTY_BODY = YES;
				CLANG_WARN_ENUM_CONVERSION = YES;
				CLANG_WARN_INT_CONVERSION = YES;
				CLANG_WARN_OBJC_ROOT_CLASS = YES_ERROR;
				CLANG_WARN_UNREACHABLE_CODE = YES;
				CLANG_WARN__DUPLICATE_METHOD_MATCH = YES;
				"CODE_SIGN_IDENTITY[sdk=iphoneos*]" = "iPhone Developer";
				COPY_PHASE_STRIP = NO;
				DEBUG_INFORMATION_FORMAT = "dwarf-with-dsym";
				ENABLE_NS_ASSERTIONS = NO;
				ENABLE_STRICT_OBJC_MSGSEND = YES;
				GCC_C_LANGUAGE_STANDARD = gnu99;
				GCC_NO_COMMON_BLOCKS = YES;
				GCC_WARN_64_TO_32_BIT_CONVERSION = YES;
				GCC_WARN_ABOUT_RETURN_TYPE = YES_ERROR;
				GCC_WARN_UNDECLARED_SELECTOR = YES;
				GCC_WARN_UNINITIALIZED_AUTOS = YES_AGGRESSIVE;
				GCC_WARN_UNUSED_FUNCTION = YES;
				GCC_WARN_UNUSED_VARIABLE = YES;
				IPHONEOS_DEPLOYMENT_TARGET = 8.3;
				MTL_ENABLE_DEBUG_INFO = NO;
				SDKROOT = iphoneos;
				VALIDATE_PRODUCT = YES;
			};
			name = Release;
		};
		DCDF7A931AD894DA00AC9C71 /* Debug */ = {
			isa = XCBuildConfiguration;
			buildSettings = {
				ASSETCATALOG_COMPILER_APPICON_NAME = AppIcon;
				INFOPLIST_FILE = ticTacToe/Info.plist;
				LD_RUNPATH_SEARCH_PATHS = "$(inherited) @executable_path/Frameworks";
				PRODUCT_NAME = "$(TARGET_NAME)";
			};
			name = Debug;
		};
		DCDF7A941AD894DA00AC9C71 /* Release */ = {
			isa = XCBuildConfiguration;
			buildSettings = {
				ASSETCATALOG_COMPILER_APPICON_NAME = AppIcon;
				INFOPLIST_FILE = ticTacToe/Info.plist;
				LD_RUNPATH_SEARCH_PATHS = "$(inherited) @executable_path/Frameworks";
				PRODUCT_NAME = "$(TARGET_NAME)";
			};
			name = Release;
		};
		DCDF7A961AD894DA00AC9C71 /* Debug */ = {
			isa = XCBuildConfiguration;
			buildSettings = {
				BUNDLE_LOADER = "$(TEST_HOST)";
				FRAMEWORK_SEARCH_PATHS = (
					"$(SDKROOT)/Developer/Library/Frameworks",
					"$(inherited)",
				);
				GCC_PREPROCESSOR_DEFINITIONS = (
					"DEBUG=1",
					"$(inherited)",
				);
				INFOPLIST_FILE = ticTacToeTests/Info.plist;
				LD_RUNPATH_SEARCH_PATHS = "$(inherited) @executable_path/Frameworks @loader_path/Frameworks";
				PRODUCT_NAME = "$(TARGET_NAME)";
				TEST_HOST = "$(BUILT_PRODUCTS_DIR)/ticTacToe.app/ticTacToe";
			};
			name = Debug;
		};
		DCDF7A971AD894DA00AC9C71 /* Release */ = {
			isa = XCBuildConfiguration;
			buildSettings = {
				BUNDLE_LOADER = "$(TEST_HOST)";
				FRAMEWORK_SEARCH_PATHS = (
					"$(SDKROOT)/Developer/Library/Frameworks",
					"$(inherited)",
				);
				INFOPLIST_FILE = ticTacToeTests/Info.plist;
				LD_RUNPATH_SEARCH_PATHS = "$(inherited) @executable_path/Frameworks @loader_path/Frameworks";
				PRODUCT_NAME = "$(TARGET_NAME)";
				TEST_HOST = "$(BUILT_PRODUCTS_DIR)/ticTacToe.app/ticTacToe";
			};
			name = Release;
		};
/* End XCBuildConfiguration section */

/* Begin XCConfigurationList section */
		DCDF7A6E1AD894DA00AC9C71 /* Build configuration list for PBXProject "ticTacToe" */ = {
			isa = XCConfigurationList;
			buildConfigurations = (
				DCDF7A901AD894DA00AC9C71 /* Debug */,
				DCDF7A911AD894DA00AC9C71 /* Release */,
			);
			defaultConfigurationIsVisible = 0;
			defaultConfigurationName = Release;
		};
		DCDF7A921AD894DA00AC9C71 /* Build configuration list for PBXNativeTarget "ticTacToe" */ = {
			isa = XCConfigurationList;
			buildConfigurations = (
				DCDF7A931AD894DA00AC9C71 /* Debug */,
				DCDF7A941AD894DA00AC9C71 /* Release */,
			);
			defaultConfigurationIsVisible = 0;
			defaultConfigurationName = Release;
		};
		DCDF7A951AD894DA00AC9C71 /* Build configuration list for PBXNativeTarget "ticTacToeTests" */ = {
			isa = XCConfigurationList;
			buildConfigurations = (
				DCDF7A961AD894DA00AC9C71 /* Debug */,
				DCDF7A971AD894DA00AC9C71 /* Release */,
			);
			defaultConfigurationIsVisible = 0;
			defaultConfigurationName = Release;
		};
/* End XCConfigurationList section */
	};
	rootObject = DCDF7A6B1AD894DA00AC9C71 /* Project object */;
}
